PODS:
  - AFNetworking (2.3.1):
    - AFNetworking/NSURLConnection
    - AFNetworking/NSURLSession
    - AFNetworking/Reachability
    - AFNetworking/Security
    - AFNetworking/Serialization
    - AFNetworking/UIKit
  - AFNetworking/NSURLConnection (2.3.1):
    - AFNetworking/Reachability
    - AFNetworking/Security
    - AFNetworking/Serialization
  - AFNetworking/NSURLSession (2.3.1):
    - AFNetworking/Reachability
    - AFNetworking/Security
    - AFNetworking/Serialization
  - AFNetworking/Reachability (2.3.1)
  - AFNetworking/Security (2.3.1)
  - AFNetworking/Serialization (2.3.1)
  - AFNetworking/UIKit (2.3.1):
    - AFNetworking/NSURLConnection
    - AFNetworking/NSURLSession
  - AttributedMarkdown (0.9.2)
  - FXKeychain (1.5.1)
  - JBChartView (2.5.5)
  - Kiwi (2.3.0)
  - LGBluetooth (1.1.4)
  - SenseKit (0.1.0):
    - SenseKit/API
    - SenseKit/BLE
    - SenseKit/Model
  - SenseKit/API (0.1.0):
    - AFNetworking
    - FXKeychain
  - SenseKit/BLE (0.1.0):
    - LGBluetooth
  - SenseKit/Model (0.1.0)
  - SORelativeDateTransformer (1.1.10)
  - SVProgressHUD (1.0)

DEPENDENCIES:
  - AttributedMarkdown (from `https://github.com/dreamwieber/AttributedMarkdown.git`)
  - JBChartView
  - Kiwi
  - SenseKit (from `../../SenseKit`)
  - SORelativeDateTransformer
  - SVProgressHUD (from `https://github.com/samvermette/SVProgressHUD.git`, commit `90e5921e0a0a782c7e06dd8d308031041c10f789`)

EXTERNAL SOURCES:
  AttributedMarkdown:
    :git: https://github.com/dreamwieber/AttributedMarkdown.git
  SenseKit:
    :path: ../../SenseKit
  SVProgressHUD:
    :commit: 90e5921e0a0a782c7e06dd8d308031041c10f789
    :git: https://github.com/samvermette/SVProgressHUD.git

SPEC CHECKSUMS:
  AFNetworking: 6d7b76aa5d04c8c37daad3eef4b7e3f2a7620da3
  AttributedMarkdown: 859b637a00470b103b5fef30fd59519f3901a3ad
  FXKeychain: beb642a4218ba783507af08865eda05e9b26a612
  JBChartView: 666486d81dd16fa0cfac7bc32b4b70d6c52e7162
  Kiwi: 54bece5b35564d9b8e03c608d926f1a22fcfc589
  LGBluetooth: 00f37b8c29cccc1dd44d5f726b2ec4a6e91c74ec
  SenseKit: 3c11c765efb6e0213d08cc9268b0a27b123a2d59
  SORelativeDateTransformer: de7936811c9988af8e129a097af48c828f933f5f
  SVProgressHUD: 5e10939a296debf5fe5a5895eda9539b8b2114f1

COCOAPODS: 0.33.1
