PODS:
  - AFNetworking (2.4.1):
    - AFNetworking/NSURLConnection
    - AFNetworking/NSURLSession
    - AFNetworking/Reachability
    - AFNetworking/Security
    - AFNetworking/Serialization
    - AFNetworking/UIKit
  - AFNetworking/NSURLConnection (2.4.1):
    - AFNetworking/Reachability
    - AFNetworking/Security
    - AFNetworking/Serialization
  - AFNetworking/NSURLSession (2.4.1):
    - AFNetworking/Reachability
    - AFNetworking/Security
    - AFNetworking/Serialization
  - AFNetworking/Reachability (2.4.1)
  - AFNetworking/Security (2.4.1)
  - AFNetworking/Serialization (2.4.1)
  - AFNetworking/UIKit (2.4.1):
    - AFNetworking/NSURLConnection
    - AFNetworking/NSURLSession
  - Amplitude-iOS (2.2.2)
  - AttributedMarkdown (0.9.2)
  - BEMSimpleLineGraph (3.2)
  - CocoaLumberjack (2.0.0-rc):
    - CocoaLumberjack/Default
    - CocoaLumberjack/Extensions
  - CocoaLumberjack/Core (2.0.0-rc)
  - CocoaLumberjack/Default (2.0.0-rc):
    - CocoaLumberjack/Core
  - CocoaLumberjack/Extensions (2.0.0-rc):
    - CocoaLumberjack/Default
  - FCDynamicPanesNavigationController (1.0):
    - FCMutableArray
  - FCMutableArray (1.0)
  - FDWaveformView (0.2.2)
  - FXKeychain (1.5.2)
  - iCarousel (1.7.6)
  - Kiwi (2.3.1)
  - LGBluetooth (1.1.4)
  - NSJSONSerialization-NSNullRemoval (1.0.1)
  - SenseKit (0.1.0):
    - SenseKit/Analytics
    - SenseKit/API
    - SenseKit/BLE
    - SenseKit/Model
    - SenseKit/Service
  - SenseKit/Analytics (0.1.0):
    - Amplitude-iOS
    - CocoaLumberjack
  - SenseKit/API (0.1.0):
    - AFNetworking (~> 2.4.1)
    - FXKeychain (~> 1.5.1)
    - NSJSONSerialization-NSNullRemoval (~> 1.0.0)
  - SenseKit/BLE (0.1.0):
    - CocoaLumberjack
    - LGBluetooth (~> 1.1.4)
    - SHSProtoBuf
  - SenseKit/Model (0.1.0):
    - YapDatabase (~> 2.4.3)
  - SenseKit/Service (0.1.0)
  - SHSProtoBuf (0.9):
    - SHSProtoBuf/non-arc
  - SHSProtoBuf/non-arc (0.9)
  - SORelativeDateTransformer (1.1.10)
  - SpinKit (1.2.0)
  - SVWebViewController (1.0)
  - UIImageEffects (0.0.1)
  - YapDatabase (2.4.3):
    - YapDatabase/standard
  - YapDatabase/common (2.4.3):
    - CocoaLumberjack (~> 1.6.3)
  - YapDatabase/standard (2.4.3):
    - YapDatabase/common

DEPENDENCIES:
  - AttributedMarkdown (from `https://github.com/dreamwieber/AttributedMarkdown.git`, commit `6bf420df77117f519af32a6393520ead4e7848c6`)
  - BEMSimpleLineGraph
  - FCDynamicPanesNavigationController (from `git@github.com:hello/FCDynamicPanesNavigationController.git`)
  - FDWaveformView (from `git@github.com:hello/FDWaveformView.git`)
  - iCarousel (~> 1.7.6)
  - Kiwi
  - SenseKit (from `git@github.com:hello/SenseKit.git`)
  - SHSProtoBuf (from `git@github.com:hello/protobuf-objc.git`)
  - SORelativeDateTransformer (~> 1.1.10)
  - SpinKit (~> 1.2.0)
  - SVWebViewController (from `https://github.com/TransitApp/SVWebViewController.git`)
  - UIImageEffects (~> 0.0.1)

EXTERNAL SOURCES:
  AttributedMarkdown:
    :commit: 6bf420df77117f519af32a6393520ead4e7848c6
    :git: https://github.com/dreamwieber/AttributedMarkdown.git
  FCDynamicPanesNavigationController:
    :git: git@github.com:hello/FCDynamicPanesNavigationController.git
  FDWaveformView:
    :git: git@github.com:hello/FDWaveformView.git
  SenseKit:
    :git: git@github.com:hello/SenseKit.git
  SHSProtoBuf:
    :git: git@github.com:hello/protobuf-objc.git
  SVWebViewController:
    :git: https://github.com/TransitApp/SVWebViewController.git

SPEC CHECKSUMS:
  AFNetworking: 0aabc6fae66d6e5d039eeb21c315843c7aae51ab
  Amplitude-iOS: cc96a1aca607fc37ff31613d3e8bddcdf670a398
  AttributedMarkdown: de3267724c9e2175e1fc398184d03ba6697766ef
  BEMSimpleLineGraph: 68e349eb22320d1a21a29e390d0f67772f6f6f44
  CocoaLumberjack: 6186e27827fc574b50b16c10102fcc591437f06c
  FCDynamicPanesNavigationController: 55ee3c165a070d8d01e0b90a1029916cbcaa1b09
  FCMutableArray: 1a8dbb05952c1e9dff31d86fd366f86edce9f159
  FDWaveformView: 6f3c2d4dfb25c90206da48ea08f5bf81d0afaa56
  FXKeychain: c97c352f1923809032339514ec4d6b0ed151bc3b
  iCarousel: c35a4e26b3c657847e523012b593e70ddbd84992
  Kiwi: 73e1400209055ee9c8ba78c6012b6b642d0fb9f7
  LGBluetooth: 00f37b8c29cccc1dd44d5f726b2ec4a6e91c74ec
  NSJSONSerialization-NSNullRemoval: b3f02955f898d01205567e3f1292e4aae3ad547e
  SenseKit: b1eb6058e7ab9ce8d38fd5c3f9b8f400a03cfb91
  SHSProtoBuf: 62a02d425f5dbee00d057bae65d76f0f01737410
  SORelativeDateTransformer: de7936811c9988af8e129a097af48c828f933f5f
  SpinKit: 11fa465172473ce3d59a80bf0449020b850e5229
  SVWebViewController: e23a0cf92c2185d584787f0422b14592dd160fca
  UIImageEffects: 69cd1e1f8fc4042a8fefcf4a0727cbf213e4dbfb
  YapDatabase: 2ec54726596299c88e09e899e8f17c15d7f6b18a

COCOAPODS: 0.34.4
